Microsoft Visual Studio Solution File, Format Version 12.00
# Visual Studio Version 17
VisualStudioVersion = 17.5.2.0
MinimumVisualStudioVersion = 10.0.40219.1
Project("{2150E333-8FDC-42A3-9474-1A3956D46DE8}") = "02-NativeLibrary", "02-NativeLibrary", "{640CDBF8-B752-F7E5-F49F-E1FC213D22A0}"
EndProject
Project("{2150E333-8FDC-42A3-9474-1A3956D46DE8}") = "01-HelloWorld", "01-HelloWorld", "{0B71B441-A9AF-C80B-C57E-C362B9D19508}"
EndProject
Project("{2150E333-8FDC-42A3-9474-1A3956D46DE8}") = "03-Templates", "03-Templates", "{53A8B1AC-0162-CE9F-086E-71D2A065F964}"
EndProject
Project("{FAE04EC0-301F-11D3-BF4B-00C04F79EFBC}") = "NativeLibrary", "02-NativeLibrary\NativeLibrary.csproj", "{0346E89A-145C-71C3-67E6-C2D4F7DE12CE}"
EndProject
Project("{FAE04EC0-301F-11D3-BF4B-00C04F79EFBC}") = "HelloWorld", "01-HelloWorld\HelloWorld.csproj", "{370EAC57-BDAF-932B-7010-EDEFDAB7ED08}"
EndProject
Project("{FAE04EC0-301F-11D3-BF4B-00C04F79EFBC}") = "AndroidTest", "03-Templates\AndroidTest\AndroidTest.csproj", "{B31DCE1D-541B-6865-2950-6454555508EA}"
EndProject
Project("{FAE04EC0-301F-11D3-BF4B-00C04F79EFBC}") = "iOSLibTest", "03-Templates\iOSLibTest\iOSLibTest.csproj", "{00A1AB76-1C9E-3BFD-07DF-49E71114FBC0}"
EndProject
Project("{FAE04EC0-301F-11D3-BF4B-00C04F79EFBC}") = "AndroidLibTest", "03-Templates\AndroidLibTest\AndroidLibTest.csproj", "{1D6A42C6-FA21-355E-0754-DDCEA569F7B3}"
EndProject
Project("{FAE04EC0-301F-11D3-BF4B-00C04F79EFBC}") = "MacOSLibTest", "03-Templates\MacOSLibTest\MacOSLibTest.csproj", "{5312BAE9-AA9B-493C-D11E-57E024C8F065}"
EndProject
Project("{FAE04EC0-301F-11D3-BF4B-00C04F79EFBC}") = "MacOSTest", "03-Templates\MacOSTest\MacOSTest.csproj", "{11F60185-6E9C-BB8C-D8F5-538561E2A743}"
EndProject
Project("{FAE04EC0-301F-11D3-BF4B-00C04F79EFBC}") = "iOSTest", "03-Templates\iOSTest\iOSTest.csproj", "{CA893555-0897-B781-58A4-CCF949D70FE0}"
EndProject
Global
	GlobalSection(SolutionConfigurationPlatforms) = preSolution
		Debug|Any CPU = Debug|Any CPU
		Release|Any CPU = Release|Any CPU
	EndGlobalSection
	GlobalSection(ProjectConfigurationPlatforms) = postSolution
		{0346E89A-145C-71C3-67E6-C2D4F7DE12CE}.Debug|Any CPU.ActiveCfg = Debug|Any CPU
		{0346E89A-145C-71C3-67E6-C2D4F7DE12CE}.Debug|Any CPU.Build.0 = Debug|Any CPU
		{0346E89A-145C-71C3-67E6-C2D4F7DE12CE}.Release|Any CPU.ActiveCfg = Release|Any CPU
		{0346E89A-145C-71C3-67E6-C2D4F7DE12CE}.Release|Any CPU.Build.0 = Release|Any CPU
		{370EAC57-BDAF-932B-7010-EDEFDAB7ED08}.Debug|Any CPU.ActiveCfg = Debug|Any CPU
		{370EAC57-BDAF-932B-7010-EDEFDAB7ED08}.Debug|Any CPU.Build.0 = Debug|Any CPU
		{370EAC57-BDAF-932B-7010-EDEFDAB7ED08}.Release|Any CPU.ActiveCfg = Release|Any CPU
		{370EAC57-BDAF-932B-7010-EDEFDAB7ED08}.Release|Any CPU.Build.0 = Release|Any CPU
		{B31DCE1D-541B-6865-2950-6454555508EA}.Debug|Any CPU.ActiveCfg = Debug|Any CPU
		{B31DCE1D-541B-6865-2950-6454555508EA}.Debug|Any CPU.Build.0 = Debug|Any CPU
		{B31DCE1D-541B-6865-2950-6454555508EA}.Release|Any CPU.ActiveCfg = Release|Any CPU
		{B31DCE1D-541B-6865-2950-6454555508EA}.Release|Any CPU.Build.0 = Release|Any CPU
		{00A1AB76-1C9E-3BFD-07DF-49E71114FBC0}.Debug|Any CPU.ActiveCfg = Debug|Any CPU
		{00A1AB76-1C9E-3BFD-07DF-49E71114FBC0}.Debug|Any CPU.Build.0 = Debug|Any CPU
		{00A1AB76-1C9E-3BFD-07DF-49E71114FBC0}.Release|Any CPU.ActiveCfg = Release|Any CPU
		{00A1AB76-1C9E-3BFD-07DF-49E71114FBC0}.Release|Any CPU.Build.0 = Release|Any CPU
		{1D6A42C6-FA21-355E-0754-DDCEA569F7B3}.Debug|Any CPU.ActiveCfg = Debug|Any CPU
		{1D6A42C6-FA21-355E-0754-DDCEA569F7B3}.Debug|Any CPU.Build.0 = Debug|Any CPU
		{1D6A42C6-FA21-355E-0754-DDCEA569F7B3}.Release|Any CPU.ActiveCfg = Release|Any CPU
		{1D6A42C6-FA21-355E-0754-DDCEA569F7B3}.Release|Any CPU.Build.0 = Release|Any CPU
		{5312BAE9-AA9B-493C-D11E-57E024C8F065}.Debug|Any CPU.ActiveCfg = Debug|Any CPU
		{5312BAE9-AA9B-493C-D11E-57E024C8F065}.Debug|Any CPU.Build.0 = Debug|Any CPU
		{5312BAE9-AA9B-493C-D11E-57E024C8F065}.Release|Any CPU.ActiveCfg = Release|Any CPU
		{5312BAE9-AA9B-493C-D11E-57E024C8F065}.Release|Any CPU.Build.0 = Release|Any CPU
		{11F60185-6E9C-BB8C-D8F5-538561E2A743}.Debug|Any CPU.ActiveCfg = Debug|Any CPU
		{11F60185-6E9C-BB8C-D8F5-538561E2A743}.Debug|Any CPU.Build.0 = Debug|Any CPU
		{11F60185-6E9C-BB8C-D8F5-538561E2A743}.Release|Any CPU.ActiveCfg = Release|Any CPU
		{11F60185-6E9C-BB8C-D8F5-538561E2A743}.Release|Any CPU.Build.0 = Release|Any CPU
		{CA893555-0897-B781-58A4-CCF949D70FE0}.Debug|Any CPU.ActiveCfg = Debug|Any CPU
		{CA893555-0897-B781-58A4-CCF949D70FE0}.Debug|Any CPU.Build.0 = Debug|Any CPU
		{CA893555-0897-B781-58A4-CCF949D70FE0}.Release|Any CPU.ActiveCfg = Release|Any CPU
		{CA893555-0897-B781-58A4-CCF949D70FE0}.Release|Any CPU.Build.0 = Release|Any CPU
	EndGlobalSection
	GlobalSection(SolutionProperties) = preSolution
		HideSolutionNode = FALSE
	EndGlobalSection
	GlobalSection(NestedProjects) = preSolution
		{0346E89A-145C-71C3-67E6-C2D4F7DE12CE} = {640CDBF8-B752-F7E5-F49F-E1FC213D22A0}
		{370EAC57-BDAF-932B-7010-EDEFDAB7ED08} = {0B71B441-A9AF-C80B-C57E-C362B9D19508}
		{B31DCE1D-541B-6865-2950-6454555508EA} = {53A8B1AC-0162-CE9F-086E-71D2A065F964}
		{00A1AB76-1C9E-3BFD-07DF-49E71114FBC0} = {53A8B1AC-0162-CE9F-086E-71D2A065F964}
		{1D6A42C6-FA21-355E-0754-DDCEA569F7B3} = {53A8B1AC-0162-CE9F-086E-71D2A065F964}
		{5312BAE9-AA9B-493C-D11E-57E024C8F065} = {53A8B1AC-0162-CE9F-086E-71D2A065F964}
		{11F60185-6E9C-BB8C-D8F5-538561E2A743} = {53A8B1AC-0162-CE9F-086E-71D2A065F964}
		{CA893555-0897-B781-58A4-CCF949D70FE0} = {53A8B1AC-0162-CE9F-086E-71D2A065F964}
	EndGlobalSection
	GlobalSection(ExtensibilityGlobals) = postSolution
		SolutionGuid = {9DEF36D0-B982-4538-97F6-6A746D3BC3EF}
	EndGlobalSection
EndGlobal
